// !$*UTF8*$!
{
	archiveVersion = 1;
	classes = {
	};
	objectVersion = 56;
	objects = {

/* Begin PBXBuildFile section */
		0720A49D2A201B1000905652 /* SidebarView.swift in Sources */ = {isa = PBXBuildFile; fileRef = 0720A49C2A201B1000905652 /* SidebarView.swift */; };
		0720A49F2A201B2100905652 /* DetailView.swift in Sources */ = {isa = PBXBuildFile; fileRef = 0720A49E2A201B2100905652 /* DetailView.swift */; };
		0720A4A22A20216300905652 /* Filter.swift in Sources */ = {isa = PBXBuildFile; fileRef = 0720A4A12A20216300905652 /* Filter.swift */; };
		07D81D012A1994E100DEBBA9 /* UltimateFeedbackApp.swift in Sources */ = {isa = PBXBuildFile; fileRef = 07D81D002A1994E100DEBBA9 /* UltimateFeedbackApp.swift */; };
		07D81D032A1994E100DEBBA9 /* ContentView.swift in Sources */ = {isa = PBXBuildFile; fileRef = 07D81D022A1994E100DEBBA9 /* ContentView.swift */; };
		07D81D052A1994E200DEBBA9 /* Assets.xcassets in Resources */ = {isa = PBXBuildFile; fileRef = 07D81D042A1994E200DEBBA9 /* Assets.xcassets */; };
		07D81D092A1994E200DEBBA9 /* Preview Assets.xcassets in Resources */ = {isa = PBXBuildFile; fileRef = 07D81D082A1994E200DEBBA9 /* Preview Assets.xcassets */; };
		07D81D122A19975100DEBBA9 /* Main.xcdatamodeld in Sources */ = {isa = PBXBuildFile; fileRef = 07D81D102A19975100DEBBA9 /* Main.xcdatamodeld */; };
		07D81D142A1999E500DEBBA9 /* DataController.swift in Sources */ = {isa = PBXBuildFile; fileRef = 07D81D132A1999E500DEBBA9 /* DataController.swift */; };
		D48736C52BAE18E100494550 /* IssueRow.swift in Sources */ = {isa = PBXBuildFile; fileRef = D48736C42BAE18E100494550 /* IssueRow.swift */; };
		D497FC052BACE0DC00496854 /* Issue-CoreDataHelpers.swift in Sources */ = {isa = PBXBuildFile; fileRef = D497FC042BACE0DC00496854 /* Issue-CoreDataHelpers.swift */; };
		D497FC072BACE3C900496854 /* Tag-CoreDataHelper.swift in Sources */ = {isa = PBXBuildFile; fileRef = D497FC062BACE3C900496854 /* Tag-CoreDataHelper.swift */; };
/* End PBXBuildFile section */

/* Begin PBXFileReference section */
		0720A49C2A201B1000905652 /* SidebarView.swift */ = {isa = PBXFileReference; lastKnownFileType = sourcecode.swift; path = SidebarView.swift; sourceTree = "<group>"; };
		0720A49E2A201B2100905652 /* DetailView.swift */ = {isa = PBXFileReference; lastKnownFileType = sourcecode.swift; path = DetailView.swift; sourceTree = "<group>"; };
		0720A4A12A20216300905652 /* Filter.swift */ = {isa = PBXFileReference; lastKnownFileType = sourcecode.swift; path = Filter.swift; sourceTree = "<group>"; };
		07D81CFD2A1994E100DEBBA9 /* UltimateFeedbackApp.app */ = {isa = PBXFileReference; explicitFileType = wrapper.application; includeInIndex = 0; path = UltimateFeedbackApp.app; sourceTree = BUILT_PRODUCTS_DIR; };
		07D81D002A1994E100DEBBA9 /* UltimateFeedbackApp.swift */ = {isa = PBXFileReference; lastKnownFileType = sourcecode.swift; path = UltimateFeedbackApp.swift; sourceTree = "<group>"; };
		07D81D022A1994E100DEBBA9 /* ContentView.swift */ = {isa = PBXFileReference; lastKnownFileType = sourcecode.swift; path = ContentView.swift; sourceTree = "<group>"; };
		07D81D042A1994E200DEBBA9 /* Assets.xcassets */ = {isa = PBXFileReference; lastKnownFileType = folder.assetcatalog; path = Assets.xcassets; sourceTree = "<group>"; };
		07D81D062A1994E200DEBBA9 /* UltimateFeedbackApp.entitlements */ = {isa = PBXFileReference; lastKnownFileType = text.plist.entitlements; path = UltimateFeedbackApp.entitlements; sourceTree = "<group>"; };
		07D81D082A1994E200DEBBA9 /* Preview Assets.xcassets */ = {isa = PBXFileReference; lastKnownFileType = folder.assetcatalog; path = "Preview Assets.xcassets"; sourceTree = "<group>"; };
		07D81D112A19975100DEBBA9 /* Main.xcdatamodel */ = {isa = PBXFileReference; lastKnownFileType = wrapper.xcdatamodel; path = Main.xcdatamodel; sourceTree = "<group>"; };
		07D81D132A1999E500DEBBA9 /* DataController.swift */ = {isa = PBXFileReference; lastKnownFileType = sourcecode.swift; path = DataController.swift; sourceTree = "<group>"; };
		07D81D152A19A22300DEBBA9 /* Info.plist */ = {isa = PBXFileReference; lastKnownFileType = text.plist; path = Info.plist; sourceTree = "<group>"; };
		D48736C42BAE18E100494550 /* IssueRow.swift */ = {isa = PBXFileReference; lastKnownFileType = sourcecode.swift; path = IssueRow.swift; sourceTree = "<group>"; };
		D497FC042BACE0DC00496854 /* Issue-CoreDataHelpers.swift */ = {isa = PBXFileReference; lastKnownFileType = sourcecode.swift; path = "Issue-CoreDataHelpers.swift"; sourceTree = "<group>"; };
		D497FC062BACE3C900496854 /* Tag-CoreDataHelper.swift */ = {isa = PBXFileReference; lastKnownFileType = sourcecode.swift; path = "Tag-CoreDataHelper.swift"; sourceTree = "<group>"; };
/* End PBXFileReference section */

/* Begin PBXFrameworksBuildPhase section */
		07D81CFA2A1994E100DEBBA9 /* Frameworks */ = {
			isa = PBXFrameworksBuildPhase;
			buildActionMask = 2147483647;
			files = (
			);
			runOnlyForDeploymentPostprocessing = 0;
		};
/* End PBXFrameworksBuildPhase section */

/* Begin PBXGroup section */
		0720A4A02A201B9700905652 /* Views */ = {
			isa = PBXGroup;
			children = (
				07D81D022A1994E100DEBBA9 /* ContentView.swift */,
				0720A49C2A201B1000905652 /* SidebarView.swift */,
				0720A49E2A201B2100905652 /* DetailView.swift */,
				D48736C42BAE18E100494550 /* IssueRow.swift */,
			);
			path = Views;
			sourceTree = "<group>";
		};
		0720A4A32A20216A00905652 /* Models */ = {
			isa = PBXGroup;
			children = (
				0720A4A12A20216300905652 /* Filter.swift */,
			);
			path = Models;
			sourceTree = "<group>";
		};
		07D81CF42A1994E100DEBBA9 = {
			isa = PBXGroup;
			children = (
				07D81CFF2A1994E100DEBBA9 /* UltimateFeedbackApp */,
				07D81CFE2A1994E100DEBBA9 /* Products */,
			);
			sourceTree = "<group>";
		};
		07D81CFE2A1994E100DEBBA9 /* Products */ = {
			isa = PBXGroup;
			children = (
				07D81CFD2A1994E100DEBBA9 /* UltimateFeedbackApp.app */,
			);
			name = Products;
			sourceTree = "<group>";
		};
		07D81CFF2A1994E100DEBBA9 /* UltimateFeedbackApp */ = {
			isa = PBXGroup;
			children = (
				07D81D152A19A22300DEBBA9 /* Info.plist */,
				07D81D002A1994E100DEBBA9 /* UltimateFeedbackApp.swift */,
				07D81D132A1999E500DEBBA9 /* DataController.swift */,
				D497FC082BACE47D00496854 /* Helpers */,
				0720A4A02A201B9700905652 /* Views */,
				0720A4A32A20216A00905652 /* Models */,
				07D81D102A19975100DEBBA9 /* Main.xcdatamodeld */,
				07D81D042A1994E200DEBBA9 /* Assets.xcassets */,
				07D81D062A1994E200DEBBA9 /* UltimateFeedbackApp.entitlements */,
				07D81D072A1994E200DEBBA9 /* Preview Content */,
			);
			path = UltimateFeedbackApp;
			sourceTree = "<group>";
		};
		07D81D072A1994E200DEBBA9 /* Preview Content */ = {
			isa = PBXGroup;
			children = (
				07D81D082A1994E200DEBBA9 /* Preview Assets.xcassets */,
			);
			path = "Preview Content";
			sourceTree = "<group>";
		};
		D497FC082BACE47D00496854 /* Helpers */ = {
			isa = PBXGroup;
			children = (
				D497FC042BACE0DC00496854 /* Issue-CoreDataHelpers.swift */,
				D497FC062BACE3C900496854 /* Tag-CoreDataHelper.swift */,
			);
			path = Helpers;
			sourceTree = "<group>";
		};
/* End PBXGroup section */

/* Begin PBXNativeTarget section */
		07D81CFC2A1994E100DEBBA9 /* UltimateFeedbackApp */ = {
			isa = PBXNativeTarget;
			buildConfigurationList = 07D81D0C2A1994E200DEBBA9 /* Build configuration list for PBXNativeTarget "UltimateFeedbackApp" */;
			buildPhases = (
				07D81CF92A1994E100DEBBA9 /* Sources */,
				07D81CFA2A1994E100DEBBA9 /* Frameworks */,
				07D81CFB2A1994E100DEBBA9 /* Resources */,
			);
			buildRules = (
			);
			dependencies = (
			);
			name = UltimateFeedbackApp;
			productName = UltimateFeedbackApp;
			productReference = 07D81CFD2A1994E100DEBBA9 /* UltimateFeedbackApp.app */;
			productType = "com.apple.product-type.application";
		};
/* End PBXNativeTarget section */

/* Begin PBXProject section */
		07D81CF52A1994E100DEBBA9 /* Project object */ = {
			isa = PBXProject;
			attributes = {
				BuildIndependentTargetsInParallel = 1;
				LastSwiftUpdateCheck = 1430;
				LastUpgradeCheck = 1530;
				TargetAttributes = {
					07D81CFC2A1994E100DEBBA9 = {
						CreatedOnToolsVersion = 14.3;
					};
				};
			};
			buildConfigurationList = 07D81CF82A1994E100DEBBA9 /* Build configuration list for PBXProject "UltimateFeedbackApp" */;
			compatibilityVersion = "Xcode 14.0";
			developmentRegion = en;
			hasScannedForEncodings = 0;
			knownRegions = (
				en,
				Base,
			);
			mainGroup = 07D81CF42A1994E100DEBBA9;
			productRefGroup = 07D81CFE2A1994E100DEBBA9 /* Products */;
			projectDirPath = "";
			projectRoot = "";
			targets = (
				07D81CFC2A1994E100DEBBA9 /* UltimateFeedbackApp */,
			);
		};
/* End PBXProject section */

/* Begin PBXResourcesBuildPhase section */
		07D81CFB2A1994E100DEBBA9 /* Resources */ = {
			isa = PBXResourcesBuildPhase;
			buildActionMask = 2147483647;
			files = (
				07D81D092A1994E200DEBBA9 /* Preview Assets.xcassets in Resources */,
				07D81D052A1994E200DEBBA9 /* Assets.xcassets in Resources */,
			);
			runOnlyForDeploymentPostprocessing = 0;
		};
/* End PBXResourcesBuildPhase section */

/* Begin PBXSourcesBuildPhase section */
		07D81CF92A1994E100DEBBA9 /* Sources */ = {
			isa = PBXSourcesBuildPhase;
			buildActionMask = 2147483647;
			files = (
				0720A4A22A20216300905652 /* Filter.swift in Sources */,
				07D81D122A19975100DEBBA9 /* Main.xcdatamodeld in Sources */,
				D497FC052BACE0DC00496854 /* Issue-CoreDataHelpers.swift in Sources */,
				0720A49F2A201B2100905652 /* DetailView.swift in Sources */,
				07D81D142A1999E500DEBBA9 /* DataController.swift in Sources */,
				0720A49D2A201B1000905652 /* SidebarView.swift in Sources */,
				07D81D032A1994E100DEBBA9 /* ContentView.swift in Sources */,
				D497FC072BACE3C900496854 /* Tag-CoreDataHelper.swift in Sources */,
				D48736C52BAE18E100494550 /* IssueRow.swift in Sources */,
				07D81D012A1994E100DEBBA9 /* UltimateFeedbackApp.swift in Sources */,
			);
			runOnlyForDeploymentPostprocessing = 0;
		};
/* End PBXSourcesBuildPhase section */

/* Begin XCBuildConfiguration section */
		07D81D0A2A1994E200DEBBA9 /* Debug */ = {
			isa = XCBuildConfiguration;
			buildSettings = {
				ALWAYS_SEARCH_USER_PATHS = NO;
				ASSETCATALOG_COMPILER_GENERATE_SWIFT_ASSET_SYMBOL_EXTENSIONS = YES;
				CLANG_ANALYZER_NONNULL = YES;
				CLANG_ANALYZER_NUMBER_OBJECT_CONVERSION = YES_AGGRESSIVE;
				CLANG_CXX_LANGUAGE_STANDARD = "gnu++20";
				CLANG_ENABLE_MODULES = YES;
				CLANG_ENABLE_OBJC_ARC = YES;
				CLANG_ENABLE_OBJC_WEAK = YES;
				CLANG_WARN_BLOCK_CAPTURE_AUTORELEASING = YES;
				CLANG_WARN_BOOL_CONVERSION = YES;
				CLANG_WARN_COMMA = YES;
				CLANG_WARN_CONSTANT_CONVERSION = YES;
				CLANG_WARN_DEPRECATED_OBJC_IMPLEMENTATIONS = YES;
				CLANG_WARN_DIRECT_OBJC_ISA_USAGE = YES_ERROR;
				CLANG_WARN_DOCUMENTATION_COMMENTS = YES;
				CLANG_WARN_EMPTY_BODY = YES;
				CLANG_WARN_ENUM_CONVERSION = YES;
				CLANG_WARN_INFINITE_RECURSION = YES;
				CLANG_WARN_INT_CONVERSION = YES;
				CLANG_WARN_NON_LITERAL_NULL_CONVERSION = YES;
				CLANG_WARN_OBJC_IMPLICIT_RETAIN_SELF = YES;
				CLANG_WARN_OBJC_LITERAL_CONVERSION = YES;
				CLANG_WARN_OBJC_ROOT_CLASS = YES_ERROR;
				CLANG_WARN_QUOTED_INCLUDE_IN_FRAMEWORK_HEADER = YES;
				CLANG_WARN_RANGE_LOOP_ANALYSIS = YES;
				CLANG_WARN_STRICT_PROTOTYPES = YES;
				CLANG_WARN_SUSPICIOUS_MOVE = YES;
				CLANG_WARN_UNGUARDED_AVAILABILITY = YES_AGGRESSIVE;
				CLANG_WARN_UNREACHABLE_CODE = YES;
				CLANG_WARN__DUPLICATE_METHOD_MATCH = YES;
				COPY_PHASE_STRIP = NO;
				DEAD_CODE_STRIPPING = YES;
				DEBUG_INFORMATION_FORMAT = dwarf;
				ENABLE_STRICT_OBJC_MSGSEND = YES;
				ENABLE_TESTABILITY = YES;
				ENABLE_USER_SCRIPT_SANDBOXING = YES;
				GCC_C_LANGUAGE_STANDARD = gnu11;
				GCC_DYNAMIC_NO_PIC = NO;
				GCC_NO_COMMON_BLOCKS = YES;
				GCC_OPTIMIZATION_LEVEL = 0;
				GCC_PREPROCESSOR_DEFINITIONS = (
					"DEBUG=1",
					"$(inherited)",
				);
				GCC_WARN_64_TO_32_BIT_CONVERSION = YES;
				GCC_WARN_ABOUT_RETURN_TYPE = YES_ERROR;
				GCC_WARN_UNDECLARED_SELECTOR = YES;
				GCC_WARN_UNINITIALIZED_AUTOS = YES_AGGRESSIVE;
				GCC_WARN_UNUSED_FUNCTION = YES;
				GCC_WARN_UNUSED_VARIABLE = YES;
				IPHONEOS_DEPLOYMENT_TARGET = 15.0;
				MACOSX_DEPLOYMENT_TARGET = 13.0;
				MTL_ENABLE_DEBUG_INFO = INCLUDE_SOURCE;
				MTL_FAST_MATH = YES;
				ONLY_ACTIVE_ARCH = YES;
				SWIFT_ACTIVE_COMPILATION_CONDITIONS = DEBUG;
				SWIFT_OPTIMIZATION_LEVEL = "-Onone";
			};
			name = Debug;
		};
		07D81D0B2A1994E200DEBBA9 /* Release */ = {
			isa = XCBuildConfiguration;
			buildSettings = {
				ALWAYS_SEARCH_USER_PATHS = NO;
				ASSETCATALOG_COMPILER_GENERATE_SWIFT_ASSET_SYMBOL_EXTENSIONS = YES;
				CLANG_ANALYZER_NONNULL = YES;
				CLANG_ANALYZER_NUMBER_OBJECT_CONVERSION = YES_AGGRESSIVE;
				CLANG_CXX_LANGUAGE_STANDARD = "gnu++20";
				CLANG_ENABLE_MODULES = YES;
				CLANG_ENABLE_OBJC_ARC = YES;
				CLANG_ENABLE_OBJC_WEAK = YES;
				CLANG_WARN_BLOCK_CAPTURE_AUTORELEASING = YES;
				CLANG_WARN_BOOL_CONVERSION = YES;
				CLANG_WARN_COMMA = YES;
				CLANG_WARN_CONSTANT_CONVERSION = YES;
				CLANG_WARN_DEPRECATED_OBJC_IMPLEMENTATIONS = YES;
				CLANG_WARN_DIRECT_OBJC_ISA_USAGE = YES_ERROR;
				CLANG_WARN_DOCUMENTATION_COMMENTS = YES;
				CLANG_WARN_EMPTY_BODY = YES;
				CLANG_WARN_ENUM_CONVERSION = YES;
				CLANG_WARN_INFINITE_RECURSION = YES;
				CLANG_WARN_INT_CONVERSION = YES;
				CLANG_WARN_NON_LITERAL_NULL_CONVERSION = YES;
				CLANG_WARN_OBJC_IMPLICIT_RETAIN_SELF = YES;
				CLANG_WARN_OBJC_LITERAL_CONVERSION = YES;
				CLANG_WARN_OBJC_ROOT_CLASS = YES_ERROR;
				CLANG_WARN_QUOTED_INCLUDE_IN_FRAMEWORK_HEADER = YES;
				CLANG_WARN_RANGE_LOOP_ANALYSIS = YES;
				CLANG_WARN_STRICT_PROTOTYPES = YES;
				CLANG_WARN_SUSPICIOUS_MOVE = YES;
				CLANG_WARN_UNGUARDED_AVAILABILITY = YES_AGGRESSIVE;
				CLANG_WARN_UNREACHABLE_CODE = YES;
				CLANG_WARN__DUPLICATE_METHOD_MATCH = YES;
				COPY_PHASE_STRIP = NO;
				DEAD_CODE_STRIPPING = YES;
				DEBUG_INFORMATION_FORMAT = "dwarf-with-dsym";
				ENABLE_NS_ASSERTIONS = NO;
				ENABLE_STRICT_OBJC_MSGSEND = YES;
				ENABLE_USER_SCRIPT_SANDBOXING = YES;
				GCC_C_LANGUAGE_STANDARD = gnu11;
				GCC_NO_COMMON_BLOCKS = YES;
				GCC_WARN_64_TO_32_BIT_CONVERSION = YES;
				GCC_WARN_ABOUT_RETURN_TYPE = YES_ERROR;
				GCC_WARN_UNDECLARED_SELECTOR = YES;
				GCC_WARN_UNINITIALIZED_AUTOS = YES_AGGRESSIVE;
				GCC_WARN_UNUSED_FUNCTION = YES;
				GCC_WARN_UNUSED_VARIABLE = YES;
				IPHONEOS_DEPLOYMENT_TARGET = 15.0;
				MACOSX_DEPLOYMENT_TARGET = 13.0;
				MTL_ENABLE_DEBUG_INFO = NO;
				MTL_FAST_MATH = YES;
				SWIFT_COMPILATION_MODE = wholemodule;
				SWIFT_OPTIMIZATION_LEVEL = "-O";
			};
			name = Release;
		};
		07D81D0D2A1994E200DEBBA9 /* Debug */ = {
			isa = XCBuildConfiguration;
			buildSettings = {
				ASSETCATALOG_COMPILER_APPICON_NAME = AppIcon;
				ASSETCATALOG_COMPILER_GLOBAL_ACCENT_COLOR_NAME = AccentColor;
				CODE_SIGN_ENTITLEMENTS = UltimateFeedbackApp/UltimateFeedbackApp.entitlements;
				CODE_SIGN_STYLE = Automatic;
				CURRENT_PROJECT_VERSION = 1;
				DEAD_CODE_STRIPPING = YES;
				DEVELOPMENT_ASSET_PATHS = "\"UltimateFeedbackApp/Preview Content\"";
				DEVELOPMENT_TEAM = 47E3RRLYKE;
				ENABLE_HARDENED_RUNTIME = YES;
				ENABLE_PREVIEWS = YES;
				GENERATE_INFOPLIST_FILE = YES;
				INFOPLIST_FILE = UltimateFeedbackApp/Info.plist;
				"INFOPLIST_KEY_UIApplicationSceneManifest_Generation[sdk=iphoneos*]" = YES;
				"INFOPLIST_KEY_UIApplicationSceneManifest_Generation[sdk=iphonesimulator*]" = YES;
				"INFOPLIST_KEY_UIApplicationSupportsIndirectInputEvents[sdk=iphoneos*]" = YES;
				"INFOPLIST_KEY_UIApplicationSupportsIndirectInputEvents[sdk=iphonesimulator*]" = YES;
				"INFOPLIST_KEY_UILaunchScreen_Generation[sdk=iphoneos*]" = YES;
				"INFOPLIST_KEY_UILaunchScreen_Generation[sdk=iphonesimulator*]" = YES;
				"INFOPLIST_KEY_UIStatusBarStyle[sdk=iphoneos*]" = UIStatusBarStyleDefault;
				"INFOPLIST_KEY_UIStatusBarStyle[sdk=iphonesimulator*]" = UIStatusBarStyleDefault;
				INFOPLIST_KEY_UISupportedInterfaceOrientations_iPad = "UIInterfaceOrientationPortrait UIInterfaceOrientationPortraitUpsideDown UIInterfaceOrientationLandscapeLeft UIInterfaceOrientationLandscapeRight";
				INFOPLIST_KEY_UISupportedInterfaceOrientations_iPhone = "UIInterfaceOrientationPortrait UIInterfaceOrientationLandscapeLeft UIInterfaceOrientationLandscapeRight";
				IPHONEOS_DEPLOYMENT_TARGET = 16.4;
				LD_RUNPATH_SEARCH_PATHS = "@executable_path/Frameworks";
				"LD_RUNPATH_SEARCH_PATHS[sdk=macosx*]" = "@executable_path/../Frameworks";
				MACOSX_DEPLOYMENT_TARGET = 13.3;
				MARKETING_VERSION = 1.0;
				PRODUCT_BUNDLE_IDENTIFIER = com.emiyaconsulting.UltimateFeedbackApp;
				PRODUCT_NAME = "$(TARGET_NAME)";
				SDKROOT = auto;
				SUPPORTED_PLATFORMS = "iphoneos iphonesimulator macosx";
				SWIFT_EMIT_LOC_STRINGS = YES;
				SWIFT_VERSION = 5.0;
				TARGETED_DEVICE_FAMILY = "1,2";
			};
			name = Debug;
		};
		07D81D0E2A1994E200DEBBA9 /* Release */ = {
			isa = XCBuildConfiguration;
			buildSettings = {
				ASSETCATALOG_COMPILER_APPICON_NAME = AppIcon;
				ASSETCATALOG_COMPILER_GLOBAL_ACCENT_COLOR_NAME = AccentColor;
				CODE_SIGN_ENTITLEMENTS = UltimateFeedbackApp/UltimateFeedbackApp.entitlements;
				CODE_SIGN_STYLE = Automatic;
				CURRENT_PROJECT_VERSION = 1;
				DEAD_CODE_STRIPPING = YES;
				DEVELOPMENT_ASSET_PATHS = "\"UltimateFeedbackApp/Preview Content\"";
				DEVELOPMENT_TEAM = 47E3RRLYKE;
				ENABLE_HARDENED_RUNTIME = YES;
				ENABLE_PREVIEWS = YES;
				GENERATE_INFOPLIST_FILE = YES;
				INFOPLIST_FILE = UltimateFeedbackApp/Info.plist;
				"INFOPLIST_KEY_UIApplicationSceneManifest_Generation[sdk=iphoneos*]" = YES;
				"INFOPLIST_KEY_UIApplicationSceneManifest_Generation[sdk=iphonesimulator*]" = YES;
				"INFOPLIST_KEY_UIApplicationSupportsIndirectInputEvents[sdk=iphoneos*]" = YES;
				"INFOPLIST_KEY_UIApplicationSupportsIndirectInputEvents[sdk=iphonesimulator*]" = YES;
				"INFOPLIST_KEY_UILaunchScreen_Generation[sdk=iphoneos*]" = YES;
				"INFOPLIST_KEY_UILaunchScreen_Generation[sdk=iphonesimulator*]" = YES;
				"INFOPLIST_KEY_UIStatusBarStyle[sdk=iphoneos*]" = UIStatusBarStyleDefault;
				"INFOPLIST_KEY_UIStatusBarStyle[sdk=iphonesimulator*]" = UIStatusBarStyleDefault;
				INFOPLIST_KEY_UISupportedInterfaceOrientations_iPad = "UIInterfaceOrientationPortrait UIInterfaceOrientationPortraitUpsideDown UIInterfaceOrientationLandscapeLeft UIInterfaceOrientationLandscapeRight";
				INFOPLIST_KEY_UISupportedInterfaceOrientations_iPhone = "UIInterfaceOrientationPortrait UIInterfaceOrientationLandscapeLeft UIInterfaceOrientationLandscapeRight";
				IPHONEOS_DEPLOYMENT_TARGET = 16.4;
				LD_RUNPATH_SEARCH_PATHS = "@executable_path/Frameworks";
				"LD_RUNPATH_SEARCH_PATHS[sdk=macosx*]" = "@executable_path/../Frameworks";
				MACOSX_DEPLOYMENT_TARGET = 13.3;
				MARKETING_VERSION = 1.0;
				PRODUCT_BUNDLE_IDENTIFIER = com.emiyaconsulting.UltimateFeedbackApp;
				PRODUCT_NAME = "$(TARGET_NAME)";
				SDKROOT = auto;
				SUPPORTED_PLATFORMS = "iphoneos iphonesimulator macosx";
				SWIFT_EMIT_LOC_STRINGS = YES;
				SWIFT_VERSION = 5.0;
				TARGETED_DEVICE_FAMILY = "1,2";
			};
			name = Release;
		};
/* End XCBuildConfiguration section */

/* Begin XCConfigurationList section */
		07D81CF82A1994E100DEBBA9 /* Build configuration list for PBXProject "UltimateFeedbackApp" */ = {
			isa = XCConfigurationList;
			buildConfigurations = (
				07D81D0A2A1994E200DEBBA9 /* Debug */,
				07D81D0B2A1994E200DEBBA9 /* Release */,
			);
			defaultConfigurationIsVisible = 0;
			defaultConfigurationName = Release;
		};
		07D81D0C2A1994E200DEBBA9 /* Build configuration list for PBXNativeTarget "UltimateFeedbackApp" */ = {
			isa = XCConfigurationList;
			buildConfigurations = (
				07D81D0D2A1994E200DEBBA9 /* Debug */,
				07D81D0E2A1994E200DEBBA9 /* Release */,
			);
			defaultConfigurationIsVisible = 0;
			defaultConfigurationName = Release;
		};
/* End XCConfigurationList section */

/* Begin XCVersionGroup section */
		07D81D102A19975100DEBBA9 /* Main.xcdatamodeld */ = {
			isa = XCVersionGroup;
			children = (
				07D81D112A19975100DEBBA9 /* Main.xcdatamodel */,
			);
			currentVersion = 07D81D112A19975100DEBBA9 /* Main.xcdatamodel */;
			path = Main.xcdatamodeld;
			sourceTree = "<group>";
			versionGroupType = wrapper.xcdatamodel;
		};
/* End XCVersionGroup section */
	};
	rootObject = 07D81CF52A1994E100DEBBA9 /* Project object */;
}
