// !$*UTF8*$!
{
	archiveVersion = 1;
	classes = {
	};
	objectVersion = 70;
	objects = {

/* Begin PBXBuildFile section */
		0720A49D2A201B1000905652 /* SidebarView.swift in Sources */ = {isa = PBXBuildFile; fileRef = 0720A49C2A201B1000905652 /* SidebarView.swift */; };
		0720A49F2A201B2100905652 /* DetailView.swift in Sources */ = {isa = PBXBuildFile; fileRef = 0720A49E2A201B2100905652 /* DetailView.swift */; };
		0720A4A22A20216300905652 /* Filter.swift in Sources */ = {isa = PBXBuildFile; fileRef = 0720A4A12A20216300905652 /* Filter.swift */; };
		07D81D012A1994E100DEBBA9 /* UltimateFeedbackApp.swift in Sources */ = {isa = PBXBuildFile; fileRef = 07D81D002A1994E100DEBBA9 /* UltimateFeedbackApp.swift */; };
		07D81D032A1994E100DEBBA9 /* ContentView.swift in Sources */ = {isa = PBXBuildFile; fileRef = 07D81D022A1994E100DEBBA9 /* ContentView.swift */; };
		07D81D052A1994E200DEBBA9 /* Assets.xcassets in Resources */ = {isa = PBXBuildFile; fileRef = 07D81D042A1994E200DEBBA9 /* Assets.xcassets */; };
		07D81D092A1994E200DEBBA9 /* Preview Assets.xcassets in Resources */ = {isa = PBXBuildFile; fileRef = 07D81D082A1994E200DEBBA9 /* Preview Assets.xcassets */; };
		07D81D122A19975100DEBBA9 /* Main.xcdatamodeld in Sources */ = {isa = PBXBuildFile; fileRef = 07D81D102A19975100DEBBA9 /* Main.xcdatamodeld */; };
		D404727F2CFCD99900C3743C /* DataController.swift in Sources */ = {isa = PBXBuildFile; fileRef = D404727E2CFCD99900C3743C /* DataController.swift */; };
		D42018CA2C79227300304674 /* Colors.xcassets in Resources */ = {isa = PBXBuildFile; fileRef = D42018C92C79227300304674 /* Colors.xcassets */; };
		D43A9F352D1504D7003798E9 /* TestPlan.xctestplan in Resources */ = {isa = PBXBuildFile; fileRef = D43A9F342D1504D7003798E9 /* TestPlan.xctestplan */; };
		D451A8C32D16528700587DAA /* PerformanceTestPlan.xctestplan in Resources */ = {isa = PBXBuildFile; fileRef = D451A8C22D16528700587DAA /* PerformanceTestPlan.xctestplan */; };
		D475993C2D40A81300B33AB3 /* SidebarViewModel.swift in Sources */ = {isa = PBXBuildFile; fileRef = D475993B2D40A81300B33AB3 /* SidebarViewModel.swift */; };
		D47C77E32D07867700289658 /* Awards.json in Resources */ = {isa = PBXBuildFile; fileRef = D47C77E22D07867700289658 /* Awards.json */; };
		D47C77E42D07867700289658 /* Awards.json in Resources */ = {isa = PBXBuildFile; fileRef = D47C77E22D07867700289658 /* Awards.json */; };
		D48736C52BAE18E100494550 /* IssueRow.swift in Sources */ = {isa = PBXBuildFile; fileRef = D48736C42BAE18E100494550 /* IssueRow.swift */; };
		D497FC052BACE0DC00496854 /* Issue-CoreDataHelper.swift in Sources */ = {isa = PBXBuildFile; fileRef = D497FC042BACE0DC00496854 /* Issue-CoreDataHelper.swift */; };
		D497FC072BACE3C900496854 /* Tag-CoreDataHelper.swift in Sources */ = {isa = PBXBuildFile; fileRef = D497FC062BACE3C900496854 /* Tag-CoreDataHelper.swift */; };
		D4B01DD82C25054B00188BBF /* View-InlineExtension.swift in Sources */ = {isa = PBXBuildFile; fileRef = D4B01DD72C25054B00188BBF /* View-InlineExtension.swift */; };
		D4B3CD892CF69DB200F73A8D /* IssueViewToolbar.swift in Sources */ = {isa = PBXBuildFile; fileRef = D4B3CD882CF69DB200F73A8D /* IssueViewToolbar.swift */; };
		D4B3CD8B2CF6A0B300F73A8D /* ContentViewToolbar.swift in Sources */ = {isa = PBXBuildFile; fileRef = D4B3CD8A2CF6A0B300F73A8D /* ContentViewToolbar.swift */; };
		D4B3CD8D2CF6B46800F73A8D /* TagsMenuView.swift in Sources */ = {isa = PBXBuildFile; fileRef = D4B3CD8C2CF6B46800F73A8D /* TagsMenuView.swift */; };
		D4B3CD8F2CF6B60A00F73A8D /* SmartFilterRow.swift in Sources */ = {isa = PBXBuildFile; fileRef = D4B3CD8E2CF6B60A00F73A8D /* SmartFilterRow.swift */; };
		D4B3CD912CF6B77400F73A8D /* UserFilterRow.swift in Sources */ = {isa = PBXBuildFile; fileRef = D4B3CD902CF6B77400F73A8D /* UserFilterRow.swift */; };
		D4B42F892CE9766600D22B34 /* Localizable.xcstrings in Resources */ = {isa = PBXBuildFile; fileRef = D4B42F882CE9766600D22B34 /* Localizable.xcstrings */; };
		D4D9EC822C4312B200B0F297 /* Bundle-Decodable.swift in Sources */ = {isa = PBXBuildFile; fileRef = D4D9EC812C4312B200B0F297 /* Bundle-Decodable.swift */; };
		D4D9EC842C432D2500B0F297 /* Award.swift in Sources */ = {isa = PBXBuildFile; fileRef = D4D9EC832C432D2500B0F297 /* Award.swift */; };
		D4D9EC862C432DF000B0F297 /* AwardsView.swift in Sources */ = {isa = PBXBuildFile; fileRef = D4D9EC852C432DF000B0F297 /* AwardsView.swift */; };
		D4E1CE452BB4C8DB00FB9266 /* NoIssueView.swift in Sources */ = {isa = PBXBuildFile; fileRef = D4E1CE442BB4C8DB00FB9266 /* NoIssueView.swift */; };
		D4E1CE472BB4CE9F00FB9266 /* IssueView.swift in Sources */ = {isa = PBXBuildFile; fileRef = D4E1CE462BB4CE9F00FB9266 /* IssueView.swift */; };
		D4E3626F2CEC441D0091F546 /* SidebarViewToolbar.swift in Sources */ = {isa = PBXBuildFile; fileRef = D4E3626E2CEC441D0091F546 /* SidebarViewToolbar.swift */; };
/* End PBXBuildFile section */

/* Begin PBXContainerItemProxy section */
		D41E62602D07724E0053AD82 /* PBXContainerItemProxy */ = {
			isa = PBXContainerItemProxy;
			containerPortal = 07D81CF52A1994E100DEBBA9 /* Project object */;
			proxyType = 1;
			remoteGlobalIDString = 07D81CFC2A1994E100DEBBA9;
			remoteInfo = UltimateFeedbackApp;
		};
		D451A8BD2D16526900587DAA /* PBXContainerItemProxy */ = {
			isa = PBXContainerItemProxy;
			containerPortal = 07D81CF52A1994E100DEBBA9 /* Project object */;
			proxyType = 1;
			remoteGlobalIDString = 07D81CFC2A1994E100DEBBA9;
			remoteInfo = UltimateFeedbackApp;
		};
		D483F6792D1DFB8600212AED /* PBXContainerItemProxy */ = {
			isa = PBXContainerItemProxy;
			containerPortal = 07D81CF52A1994E100DEBBA9 /* Project object */;
			proxyType = 1;
			remoteGlobalIDString = 07D81CFC2A1994E100DEBBA9;
			remoteInfo = UltimateFeedbackApp;
		};
/* End PBXContainerItemProxy section */

/* Begin PBXFileReference section */
		0720A49C2A201B1000905652 /* SidebarView.swift */ = {isa = PBXFileReference; lastKnownFileType = sourcecode.swift; path = SidebarView.swift; sourceTree = "<group>"; };
		0720A49E2A201B2100905652 /* DetailView.swift */ = {isa = PBXFileReference; lastKnownFileType = sourcecode.swift; path = DetailView.swift; sourceTree = "<group>"; };
		0720A4A12A20216300905652 /* Filter.swift */ = {isa = PBXFileReference; lastKnownFileType = sourcecode.swift; path = Filter.swift; sourceTree = "<group>"; };
		07D81CFD2A1994E100DEBBA9 /* UltimateFeedbackApp.app */ = {isa = PBXFileReference; explicitFileType = wrapper.application; includeInIndex = 0; path = UltimateFeedbackApp.app; sourceTree = BUILT_PRODUCTS_DIR; };
		07D81D002A1994E100DEBBA9 /* UltimateFeedbackApp.swift */ = {isa = PBXFileReference; lastKnownFileType = sourcecode.swift; path = UltimateFeedbackApp.swift; sourceTree = "<group>"; };
		07D81D022A1994E100DEBBA9 /* ContentView.swift */ = {isa = PBXFileReference; lastKnownFileType = sourcecode.swift; path = ContentView.swift; sourceTree = "<group>"; };
		07D81D042A1994E200DEBBA9 /* Assets.xcassets */ = {isa = PBXFileReference; lastKnownFileType = folder.assetcatalog; path = Assets.xcassets; sourceTree = "<group>"; };
		07D81D062A1994E200DEBBA9 /* UltimateFeedbackApp.entitlements */ = {isa = PBXFileReference; lastKnownFileType = text.plist.entitlements; path = UltimateFeedbackApp.entitlements; sourceTree = "<group>"; };
		07D81D082A1994E200DEBBA9 /* Preview Assets.xcassets */ = {isa = PBXFileReference; lastKnownFileType = folder.assetcatalog; path = "Preview Assets.xcassets"; sourceTree = "<group>"; };
		07D81D112A19975100DEBBA9 /* Main.xcdatamodel */ = {isa = PBXFileReference; lastKnownFileType = wrapper.xcdatamodel; path = Main.xcdatamodel; sourceTree = "<group>"; };
		07D81D152A19A22300DEBBA9 /* Info.plist */ = {isa = PBXFileReference; lastKnownFileType = text.plist.xml; path = Info.plist; sourceTree = "<group>"; };
		D404727E2CFCD99900C3743C /* DataController.swift */ = {isa = PBXFileReference; lastKnownFileType = sourcecode.swift; path = DataController.swift; sourceTree = "<group>"; };
		D41E625C2D07724E0053AD82 /* UltimateFeedbackAppTests.xctest */ = {isa = PBXFileReference; explicitFileType = wrapper.cfbundle; includeInIndex = 0; path = UltimateFeedbackAppTests.xctest; sourceTree = BUILT_PRODUCTS_DIR; };
		D42018C92C79227300304674 /* Colors.xcassets */ = {isa = PBXFileReference; lastKnownFileType = folder.assetcatalog; path = Colors.xcassets; sourceTree = "<group>"; };
		D43A9F342D1504D7003798E9 /* TestPlan.xctestplan */ = {isa = PBXFileReference; lastKnownFileType = text; path = TestPlan.xctestplan; sourceTree = "<group>"; };
		D451A8B92D16526800587DAA /* UltimateFeedbackAppPerformanceTests.xctest */ = {isa = PBXFileReference; explicitFileType = wrapper.cfbundle; includeInIndex = 0; path = UltimateFeedbackAppPerformanceTests.xctest; sourceTree = BUILT_PRODUCTS_DIR; };
		D451A8C22D16528700587DAA /* PerformanceTestPlan.xctestplan */ = {isa = PBXFileReference; lastKnownFileType = text; path = PerformanceTestPlan.xctestplan; sourceTree = "<group>"; };
		D475993B2D40A81300B33AB3 /* SidebarViewModel.swift */ = {isa = PBXFileReference; lastKnownFileType = sourcecode.swift; path = SidebarViewModel.swift; sourceTree = "<group>"; };
		D47C77E22D07867700289658 /* Awards.json */ = {isa = PBXFileReference; lastKnownFileType = text.json; path = Awards.json; sourceTree = "<group>"; };
		D483F6732D1DFB8600212AED /* UltimateFeedbackAppUITests.xctest */ = {isa = PBXFileReference; explicitFileType = wrapper.cfbundle; includeInIndex = 0; path = UltimateFeedbackAppUITests.xctest; sourceTree = BUILT_PRODUCTS_DIR; };
		D48736C42BAE18E100494550 /* IssueRow.swift */ = {isa = PBXFileReference; lastKnownFileType = sourcecode.swift; path = IssueRow.swift; sourceTree = "<group>"; };
		D497FC042BACE0DC00496854 /* Issue-CoreDataHelper.swift */ = {isa = PBXFileReference; lastKnownFileType = sourcecode.swift; path = "Issue-CoreDataHelper.swift"; sourceTree = "<group>"; };
		D497FC062BACE3C900496854 /* Tag-CoreDataHelper.swift */ = {isa = PBXFileReference; lastKnownFileType = sourcecode.swift; path = "Tag-CoreDataHelper.swift"; sourceTree = "<group>"; };
		D4B01DD72C25054B00188BBF /* View-InlineExtension.swift */ = {isa = PBXFileReference; lastKnownFileType = sourcecode.swift; path = "View-InlineExtension.swift"; sourceTree = "<group>"; };
		D4B3CD882CF69DB200F73A8D /* IssueViewToolbar.swift */ = {isa = PBXFileReference; lastKnownFileType = sourcecode.swift; path = IssueViewToolbar.swift; sourceTree = "<group>"; };
		D4B3CD8A2CF6A0B300F73A8D /* ContentViewToolbar.swift */ = {isa = PBXFileReference; lastKnownFileType = sourcecode.swift; path = ContentViewToolbar.swift; sourceTree = "<group>"; };
		D4B3CD8C2CF6B46800F73A8D /* TagsMenuView.swift */ = {isa = PBXFileReference; lastKnownFileType = sourcecode.swift; path = TagsMenuView.swift; sourceTree = "<group>"; };
		D4B3CD8E2CF6B60A00F73A8D /* SmartFilterRow.swift */ = {isa = PBXFileReference; lastKnownFileType = sourcecode.swift; path = SmartFilterRow.swift; sourceTree = "<group>"; };
		D4B3CD902CF6B77400F73A8D /* UserFilterRow.swift */ = {isa = PBXFileReference; lastKnownFileType = sourcecode.swift; path = UserFilterRow.swift; sourceTree = "<group>"; };
		D4B42F882CE9766600D22B34 /* Localizable.xcstrings */ = {isa = PBXFileReference; lastKnownFileType = text.json.xcstrings; path = Localizable.xcstrings; sourceTree = "<group>"; };
		D4D9EC812C4312B200B0F297 /* Bundle-Decodable.swift */ = {isa = PBXFileReference; lastKnownFileType = sourcecode.swift; path = "Bundle-Decodable.swift"; sourceTree = "<group>"; };
		D4D9EC832C432D2500B0F297 /* Award.swift */ = {isa = PBXFileReference; lastKnownFileType = sourcecode.swift; path = Award.swift; sourceTree = "<group>"; };
		D4D9EC852C432DF000B0F297 /* AwardsView.swift */ = {isa = PBXFileReference; lastKnownFileType = sourcecode.swift; path = AwardsView.swift; sourceTree = "<group>"; };
		D4E1CE442BB4C8DB00FB9266 /* NoIssueView.swift */ = {isa = PBXFileReference; lastKnownFileType = sourcecode.swift; path = NoIssueView.swift; sourceTree = "<group>"; };
		D4E1CE462BB4CE9F00FB9266 /* IssueView.swift */ = {isa = PBXFileReference; lastKnownFileType = sourcecode.swift; path = IssueView.swift; sourceTree = "<group>"; };
		D4E3626E2CEC441D0091F546 /* SidebarViewToolbar.swift */ = {isa = PBXFileReference; lastKnownFileType = sourcecode.swift; path = SidebarViewToolbar.swift; sourceTree = "<group>"; };
/* End PBXFileReference section */

/* Begin PBXFileSystemSynchronizedRootGroup section */
		D41E625D2D07724E0053AD82 /* UltimateFeedbackAppTests */ = {isa = PBXFileSystemSynchronizedRootGroup; explicitFileTypes = {}; explicitFolders = (); path = UltimateFeedbackAppTests; sourceTree = "<group>"; };
		D451A8BA2D16526900587DAA /* UltimateFeedbackAppPerformanceTests */ = {isa = PBXFileSystemSynchronizedRootGroup; explicitFileTypes = {}; explicitFolders = (); path = UltimateFeedbackAppPerformanceTests; sourceTree = "<group>"; };
		D483F6742D1DFB8600212AED /* UltimateFeedbackAppUITests */ = {isa = PBXFileSystemSynchronizedRootGroup; explicitFileTypes = {}; explicitFolders = (); path = UltimateFeedbackAppUITests; sourceTree = "<group>"; };
/* End PBXFileSystemSynchronizedRootGroup section */

/* Begin PBXFrameworksBuildPhase section */
		07D81CFA2A1994E100DEBBA9 /* Frameworks */ = {
			isa = PBXFrameworksBuildPhase;
			buildActionMask = 2147483647;
			files = (
			);
			runOnlyForDeploymentPostprocessing = 0;
		};
		D41E62592D07724E0053AD82 /* Frameworks */ = {
			isa = PBXFrameworksBuildPhase;
			buildActionMask = 2147483647;
			files = (
			);
			runOnlyForDeploymentPostprocessing = 0;
		};
		D451A8B62D16526800587DAA /* Frameworks */ = {
			isa = PBXFrameworksBuildPhase;
			buildActionMask = 2147483647;
			files = (
			);
			runOnlyForDeploymentPostprocessing = 0;
		};
		D483F6702D1DFB8600212AED /* Frameworks */ = {
			isa = PBXFrameworksBuildPhase;
			buildActionMask = 2147483647;
			files = (
			);
			runOnlyForDeploymentPostprocessing = 0;
		};
/* End PBXFrameworksBuildPhase section */

/* Begin PBXGroup section */
		07D81CF42A1994E100DEBBA9 = {
			isa = PBXGroup;
			children = (
				D451A8C22D16528700587DAA /* PerformanceTestPlan.xctestplan */,
				D43A9F342D1504D7003798E9 /* TestPlan.xctestplan */,
				07D81CFF2A1994E100DEBBA9 /* UltimateFeedbackApp */,
				D41E625D2D07724E0053AD82 /* UltimateFeedbackAppTests */,
				D451A8BA2D16526900587DAA /* UltimateFeedbackAppPerformanceTests */,
				D483F6742D1DFB8600212AED /* UltimateFeedbackAppUITests */,
				07D81CFE2A1994E100DEBBA9 /* Products */,
			);
			sourceTree = "<group>";
		};
		07D81CFE2A1994E100DEBBA9 /* Products */ = {
			isa = PBXGroup;
			children = (
				07D81CFD2A1994E100DEBBA9 /* UltimateFeedbackApp.app */,
				D41E625C2D07724E0053AD82 /* UltimateFeedbackAppTests.xctest */,
				D451A8B92D16526800587DAA /* UltimateFeedbackAppPerformanceTests.xctest */,
				D483F6732D1DFB8600212AED /* UltimateFeedbackAppUITests.xctest */,
			);
			name = Products;
			sourceTree = "<group>";
		};
		07D81CFF2A1994E100DEBBA9 /* UltimateFeedbackApp */ = {
			isa = PBXGroup;
			children = (
				07D81D152A19A22300DEBBA9 /* Info.plist */,
				D4B42F882CE9766600D22B34 /* Localizable.xcstrings */,
				07D81D002A1994E100DEBBA9 /* UltimateFeedbackApp.swift */,
				D404727E2CFCD99900C3743C /* DataController.swift */,
				D40472832CFD0C4800C3743C /* Awards */,
				D40472822CFD0C3F00C3743C /* Editing */,
				D40472812CFD0C3700C3743C /* Issues */,
				D40472802CFD0C2E00C3743C /* Filters */,
				D40472862CFD0D8100C3743C /* Extensions */,
				07D81D102A19975100DEBBA9 /* Main.xcdatamodeld */,
				07D81D042A1994E200DEBBA9 /* Assets.xcassets */,
				D42018C92C79227300304674 /* Colors.xcassets */,
				07D81D062A1994E200DEBBA9 /* UltimateFeedbackApp.entitlements */,
				07D81D072A1994E200DEBBA9 /* Preview Content */,
			);
			path = UltimateFeedbackApp;
			sourceTree = "<group>";
		};
		07D81D072A1994E200DEBBA9 /* Preview Content */ = {
			isa = PBXGroup;
			children = (
				07D81D082A1994E200DEBBA9 /* Preview Assets.xcassets */,
			);
			path = "Preview Content";
			sourceTree = "<group>";
		};
		D40472802CFD0C2E00C3743C /* Filters */ = {
			isa = PBXGroup;
			children = (
				0720A4A12A20216300905652 /* Filter.swift */,
				0720A49C2A201B1000905652 /* SidebarView.swift */,
				D4E3626E2CEC441D0091F546 /* SidebarViewToolbar.swift */,
				D4B3CD8E2CF6B60A00F73A8D /* SmartFilterRow.swift */,
				D4B3CD902CF6B77400F73A8D /* UserFilterRow.swift */,
				D475993B2D40A81300B33AB3 /* SidebarViewModel.swift */,
			);
			path = Filters;
			sourceTree = "<group>";
		};
		D40472812CFD0C3700C3743C /* Issues */ = {
			isa = PBXGroup;
			children = (
				07D81D022A1994E100DEBBA9 /* ContentView.swift */,
				D4B3CD8A2CF6A0B300F73A8D /* ContentViewToolbar.swift */,
				D48736C42BAE18E100494550 /* IssueRow.swift */,
			);
			path = Issues;
			sourceTree = "<group>";
		};
		D40472822CFD0C3F00C3743C /* Editing */ = {
			isa = PBXGroup;
			children = (
				D4E1CE462BB4CE9F00FB9266 /* IssueView.swift */,
				0720A49E2A201B2100905652 /* DetailView.swift */,
				D4E1CE442BB4C8DB00FB9266 /* NoIssueView.swift */,
				D4B3CD882CF69DB200F73A8D /* IssueViewToolbar.swift */,
				D4B3CD8C2CF6B46800F73A8D /* TagsMenuView.swift */,
			);
			path = Editing;
			sourceTree = "<group>";
		};
		D40472832CFD0C4800C3743C /* Awards */ = {
			isa = PBXGroup;
			children = (
				D4D9EC832C432D2500B0F297 /* Award.swift */,
				D4D9EC852C432DF000B0F297 /* AwardsView.swift */,
				D47C77E22D07867700289658 /* Awards.json */,
			);
			path = Awards;
			sourceTree = "<group>";
		};
		D40472862CFD0D8100C3743C /* Extensions */ = {
			isa = PBXGroup;
			children = (
				D4B01DD72C25054B00188BBF /* View-InlineExtension.swift */,
				D4D9EC812C4312B200B0F297 /* Bundle-Decodable.swift */,
				D497FC042BACE0DC00496854 /* Issue-CoreDataHelper.swift */,
				D497FC062BACE3C900496854 /* Tag-CoreDataHelper.swift */,
			);
			path = Extensions;
			sourceTree = "<group>";
		};
/* End PBXGroup section */

/* Begin PBXNativeTarget section */
		07D81CFC2A1994E100DEBBA9 /* UltimateFeedbackApp */ = {
			isa = PBXNativeTarget;
			buildConfigurationList = 07D81D0C2A1994E200DEBBA9 /* Build configuration list for PBXNativeTarget "UltimateFeedbackApp" */;
			buildPhases = (
				07D81CF92A1994E100DEBBA9 /* Sources */,
				07D81CFA2A1994E100DEBBA9 /* Frameworks */,
				07D81CFB2A1994E100DEBBA9 /* Resources */,
			);
			buildRules = (
			);
			dependencies = (
			);
			name = UltimateFeedbackApp;
			productName = UltimateFeedbackApp;
			productReference = 07D81CFD2A1994E100DEBBA9 /* UltimateFeedbackApp.app */;
			productType = "com.apple.product-type.application";
		};
		D41E625B2D07724E0053AD82 /* UltimateFeedbackAppTests */ = {
			isa = PBXNativeTarget;
			buildConfigurationList = D41E62642D07724E0053AD82 /* Build configuration list for PBXNativeTarget "UltimateFeedbackAppTests" */;
			buildPhases = (
				D41E62582D07724E0053AD82 /* Sources */,
				D41E62592D07724E0053AD82 /* Frameworks */,
				D41E625A2D07724E0053AD82 /* Resources */,
			);
			buildRules = (
			);
			dependencies = (
				D41E62612D07724E0053AD82 /* PBXTargetDependency */,
			);
			fileSystemSynchronizedGroups = (
				D41E625D2D07724E0053AD82 /* UltimateFeedbackAppTests */,
			);
			name = UltimateFeedbackAppTests;
			packageProductDependencies = (
			);
			productName = UltimateFeedbackAppTests;
			productReference = D41E625C2D07724E0053AD82 /* UltimateFeedbackAppTests.xctest */;
			productType = "com.apple.product-type.bundle.unit-test";
		};
		D451A8B82D16526800587DAA /* UltimateFeedbackAppPerformanceTests */ = {
			isa = PBXNativeTarget;
			buildConfigurationList = D451A8C12D16526900587DAA /* Build configuration list for PBXNativeTarget "UltimateFeedbackAppPerformanceTests" */;
			buildPhases = (
				D451A8B52D16526800587DAA /* Sources */,
				D451A8B62D16526800587DAA /* Frameworks */,
				D451A8B72D16526800587DAA /* Resources */,
			);
			buildRules = (
			);
			dependencies = (
				D451A8BE2D16526900587DAA /* PBXTargetDependency */,
			);
			fileSystemSynchronizedGroups = (
				D451A8BA2D16526900587DAA /* UltimateFeedbackAppPerformanceTests */,
			);
			name = UltimateFeedbackAppPerformanceTests;
			packageProductDependencies = (
			);
			productName = UltimateFeedbackAppPerformanceTests;
			productReference = D451A8B92D16526800587DAA /* UltimateFeedbackAppPerformanceTests.xctest */;
			productType = "com.apple.product-type.bundle.unit-test";
		};
		D483F6722D1DFB8600212AED /* UltimateFeedbackAppUITests */ = {
			isa = PBXNativeTarget;
			buildConfigurationList = D483F67D2D1DFB8600212AED /* Build configuration list for PBXNativeTarget "UltimateFeedbackAppUITests" */;
			buildPhases = (
				D483F66F2D1DFB8600212AED /* Sources */,
				D483F6702D1DFB8600212AED /* Frameworks */,
				D483F6712D1DFB8600212AED /* Resources */,
			);
			buildRules = (
			);
			dependencies = (
				D483F67A2D1DFB8600212AED /* PBXTargetDependency */,
			);
			fileSystemSynchronizedGroups = (
				D483F6742D1DFB8600212AED /* UltimateFeedbackAppUITests */,
			);
			name = UltimateFeedbackAppUITests;
			packageProductDependencies = (
			);
			productName = UltimateFeedbackAppUITests;
			productReference = D483F6732D1DFB8600212AED /* UltimateFeedbackAppUITests.xctest */;
			productType = "com.apple.product-type.bundle.ui-testing";
		};
/* End PBXNativeTarget section */

/* Begin PBXProject section */
		07D81CF52A1994E100DEBBA9 /* Project object */ = {
			isa = PBXProject;
			attributes = {
				BuildIndependentTargetsInParallel = 1;
				LastSwiftUpdateCheck = 1620;
				LastUpgradeCheck = 1610;
				TargetAttributes = {
					07D81CFC2A1994E100DEBBA9 = {
						CreatedOnToolsVersion = 14.3;
					};
					D41E625B2D07724E0053AD82 = {
						CreatedOnToolsVersion = 16.1;
						TestTargetID = 07D81CFC2A1994E100DEBBA9;
					};
					D451A8B82D16526800587DAA = {
						CreatedOnToolsVersion = 16.2;
						TestTargetID = 07D81CFC2A1994E100DEBBA9;
					};
					D483F6722D1DFB8600212AED = {
						CreatedOnToolsVersion = 16.2;
						TestTargetID = 07D81CFC2A1994E100DEBBA9;
					};
				};
			};
			buildConfigurationList = 07D81CF82A1994E100DEBBA9 /* Build configuration list for PBXProject "UltimateFeedbackApp" */;
			compatibilityVersion = "Xcode 14.0";
			developmentRegion = en;
			hasScannedForEncodings = 0;
			knownRegions = (
				en,
				Base,
			);
			mainGroup = 07D81CF42A1994E100DEBBA9;
			productRefGroup = 07D81CFE2A1994E100DEBBA9 /* Products */;
			projectDirPath = "";
			projectRoot = "";
			targets = (
				07D81CFC2A1994E100DEBBA9 /* UltimateFeedbackApp */,
				D41E625B2D07724E0053AD82 /* UltimateFeedbackAppTests */,
				D451A8B82D16526800587DAA /* UltimateFeedbackAppPerformanceTests */,
				D483F6722D1DFB8600212AED /* UltimateFeedbackAppUITests */,
			);
		};
/* End PBXProject section */

/* Begin PBXResourcesBuildPhase section */
		07D81CFB2A1994E100DEBBA9 /* Resources */ = {
			isa = PBXResourcesBuildPhase;
			buildActionMask = 2147483647;
			files = (
				07D81D092A1994E200DEBBA9 /* Preview Assets.xcassets in Resources */,
				D47C77E32D07867700289658 /* Awards.json in Resources */,
				D4B42F892CE9766600D22B34 /* Localizable.xcstrings in Resources */,
				D42018CA2C79227300304674 /* Colors.xcassets in Resources */,
				07D81D052A1994E200DEBBA9 /* Assets.xcassets in Resources */,
			);
			runOnlyForDeploymentPostprocessing = 0;
		};
		D41E625A2D07724E0053AD82 /* Resources */ = {
			isa = PBXResourcesBuildPhase;
			buildActionMask = 2147483647;
			files = (
				D43A9F352D1504D7003798E9 /* TestPlan.xctestplan in Resources */,
				D451A8C32D16528700587DAA /* PerformanceTestPlan.xctestplan in Resources */,
				D47C77E42D07867700289658 /* Awards.json in Resources */,
			);
			runOnlyForDeploymentPostprocessing = 0;
		};
		D451A8B72D16526800587DAA /* Resources */ = {
			isa = PBXResourcesBuildPhase;
			buildActionMask = 2147483647;
			files = (
			);
			runOnlyForDeploymentPostprocessing = 0;
		};
		D483F6712D1DFB8600212AED /* Resources */ = {
			isa = PBXResourcesBuildPhase;
			buildActionMask = 2147483647;
			files = (
			);
			runOnlyForDeploymentPostprocessing = 0;
		};
/* End PBXResourcesBuildPhase section */

/* Begin PBXSourcesBuildPhase section */
		07D81CF92A1994E100DEBBA9 /* Sources */ = {
			isa = PBXSourcesBuildPhase;
			buildActionMask = 2147483647;
			files = (
				D4B3CD8D2CF6B46800F73A8D /* TagsMenuView.swift in Sources */,
				D4B3CD892CF69DB200F73A8D /* IssueViewToolbar.swift in Sources */,
				D4B3CD8B2CF6A0B300F73A8D /* ContentViewToolbar.swift in Sources */,
				D4B01DD82C25054B00188BBF /* View-InlineExtension.swift in Sources */,
				0720A4A22A20216300905652 /* Filter.swift in Sources */,
				D404727F2CFCD99900C3743C /* DataController.swift in Sources */,
				07D81D122A19975100DEBBA9 /* Main.xcdatamodeld in Sources */,
				D4E1CE452BB4C8DB00FB9266 /* NoIssueView.swift in Sources */,
				D475993C2D40A81300B33AB3 /* SidebarViewModel.swift in Sources */,
				D497FC052BACE0DC00496854 /* Issue-CoreDataHelper.swift in Sources */,
				D4D9EC822C4312B200B0F297 /* Bundle-Decodable.swift in Sources */,
				0720A49F2A201B2100905652 /* DetailView.swift in Sources */,
				D4B3CD8F2CF6B60A00F73A8D /* SmartFilterRow.swift in Sources */,
				D4D9EC862C432DF000B0F297 /* AwardsView.swift in Sources */,
				0720A49D2A201B1000905652 /* SidebarView.swift in Sources */,
				07D81D032A1994E100DEBBA9 /* ContentView.swift in Sources */,
				D497FC072BACE3C900496854 /* Tag-CoreDataHelper.swift in Sources */,
				D48736C52BAE18E100494550 /* IssueRow.swift in Sources */,
				D4B3CD912CF6B77400F73A8D /* UserFilterRow.swift in Sources */,
				D4E1CE472BB4CE9F00FB9266 /* IssueView.swift in Sources */,
				D4D9EC842C432D2500B0F297 /* Award.swift in Sources */,
				07D81D012A1994E100DEBBA9 /* UltimateFeedbackApp.swift in Sources */,
				D4E3626F2CEC441D0091F546 /* SidebarViewToolbar.swift in Sources */,
			);
			runOnlyForDeploymentPostprocessing = 0;
		};
		D41E62582D07724E0053AD82 /* Sources */ = {
			isa = PBXSourcesBuildPhase;
			buildActionMask = 2147483647;
			files = (
			);
			runOnlyForDeploymentPostprocessing = 0;
		};
		D451A8B52D16526800587DAA /* Sources */ = {
			isa = PBXSourcesBuildPhase;
			buildActionMask = 2147483647;
			files = (
			);
			runOnlyForDeploymentPostprocessing = 0;
		};
		D483F66F2D1DFB8600212AED /* Sources */ = {
			isa = PBXSourcesBuildPhase;
			buildActionMask = 2147483647;
			files = (
			);
			runOnlyForDeploymentPostprocessing = 0;
		};
/* End PBXSourcesBuildPhase section */

/* Begin PBXTargetDependency section */
		D41E62612D07724E0053AD82 /* PBXTargetDependency */ = {
			isa = PBXTargetDependency;
			target = 07D81CFC2A1994E100DEBBA9 /* UltimateFeedbackApp */;
			targetProxy = D41E62602D07724E0053AD82 /* PBXContainerItemProxy */;
		};
		D451A8BE2D16526900587DAA /* PBXTargetDependency */ = {
			isa = PBXTargetDependency;
			target = 07D81CFC2A1994E100DEBBA9 /* UltimateFeedbackApp */;
			targetProxy = D451A8BD2D16526900587DAA /* PBXContainerItemProxy */;
		};
		D483F67A2D1DFB8600212AED /* PBXTargetDependency */ = {
			isa = PBXTargetDependency;
			target = 07D81CFC2A1994E100DEBBA9 /* UltimateFeedbackApp */;
			targetProxy = D483F6792D1DFB8600212AED /* PBXContainerItemProxy */;
		};
/* End PBXTargetDependency section */

/* Begin XCBuildConfiguration section */
		07D81D0A2A1994E200DEBBA9 /* Debug */ = {
			isa = XCBuildConfiguration;
			buildSettings = {
				ALWAYS_SEARCH_USER_PATHS = NO;
				ASSETCATALOG_COMPILER_GENERATE_SWIFT_ASSET_SYMBOL_EXTENSIONS = YES;
				CLANG_ANALYZER_LOCALIZABILITY_NONLOCALIZED = YES;
				CLANG_ANALYZER_NONNULL = YES;
				CLANG_ANALYZER_NUMBER_OBJECT_CONVERSION = YES_AGGRESSIVE;
				CLANG_CXX_LANGUAGE_STANDARD = "gnu++20";
				CLANG_ENABLE_MODULES = YES;
				CLANG_ENABLE_OBJC_ARC = YES;
				CLANG_ENABLE_OBJC_WEAK = YES;
				CLANG_WARN_BLOCK_CAPTURE_AUTORELEASING = YES;
				CLANG_WARN_BOOL_CONVERSION = YES;
				CLANG_WARN_COMMA = YES;
				CLANG_WARN_CONSTANT_CONVERSION = YES;
				CLANG_WARN_DEPRECATED_OBJC_IMPLEMENTATIONS = YES;
				CLANG_WARN_DIRECT_OBJC_ISA_USAGE = YES_ERROR;
				CLANG_WARN_DOCUMENTATION_COMMENTS = YES;
				CLANG_WARN_EMPTY_BODY = YES;
				CLANG_WARN_ENUM_CONVERSION = YES;
				CLANG_WARN_INFINITE_RECURSION = YES;
				CLANG_WARN_INT_CONVERSION = YES;
				CLANG_WARN_NON_LITERAL_NULL_CONVERSION = YES;
				CLANG_WARN_OBJC_IMPLICIT_RETAIN_SELF = YES;
				CLANG_WARN_OBJC_LITERAL_CONVERSION = YES;
				CLANG_WARN_OBJC_ROOT_CLASS = YES_ERROR;
				CLANG_WARN_QUOTED_INCLUDE_IN_FRAMEWORK_HEADER = YES;
				CLANG_WARN_RANGE_LOOP_ANALYSIS = YES;
				CLANG_WARN_STRICT_PROTOTYPES = YES;
				CLANG_WARN_SUSPICIOUS_MOVE = YES;
				CLANG_WARN_UNGUARDED_AVAILABILITY = YES_AGGRESSIVE;
				CLANG_WARN_UNREACHABLE_CODE = YES;
				CLANG_WARN__DUPLICATE_METHOD_MATCH = YES;
				COPY_PHASE_STRIP = NO;
				DEAD_CODE_STRIPPING = YES;
				DEBUG_INFORMATION_FORMAT = dwarf;
				ENABLE_STRICT_OBJC_MSGSEND = YES;
				ENABLE_TESTABILITY = YES;
				ENABLE_USER_SCRIPT_SANDBOXING = YES;
				GCC_C_LANGUAGE_STANDARD = gnu11;
				GCC_DYNAMIC_NO_PIC = NO;
				GCC_NO_COMMON_BLOCKS = YES;
				GCC_OPTIMIZATION_LEVEL = 0;
				GCC_PREPROCESSOR_DEFINITIONS = (
					"DEBUG=1",
					"$(inherited)",
				);
				GCC_WARN_64_TO_32_BIT_CONVERSION = YES;
				GCC_WARN_ABOUT_RETURN_TYPE = YES_ERROR;
				GCC_WARN_UNDECLARED_SELECTOR = YES;
				GCC_WARN_UNINITIALIZED_AUTOS = YES_AGGRESSIVE;
				GCC_WARN_UNUSED_FUNCTION = YES;
				GCC_WARN_UNUSED_VARIABLE = YES;
				IPHONEOS_DEPLOYMENT_TARGET = 15.0;
				MACOSX_DEPLOYMENT_TARGET = 13.0;
				MTL_ENABLE_DEBUG_INFO = INCLUDE_SOURCE;
				MTL_FAST_MATH = YES;
				ONLY_ACTIVE_ARCH = YES;
				SWIFT_ACTIVE_COMPILATION_CONDITIONS = DEBUG;
				SWIFT_EMIT_LOC_STRINGS = YES;
				SWIFT_OPTIMIZATION_LEVEL = "-Onone";
			};
			name = Debug;
		};
		07D81D0B2A1994E200DEBBA9 /* Release */ = {
			isa = XCBuildConfiguration;
			buildSettings = {
				ALWAYS_SEARCH_USER_PATHS = NO;
				ASSETCATALOG_COMPILER_GENERATE_SWIFT_ASSET_SYMBOL_EXTENSIONS = YES;
				CLANG_ANALYZER_LOCALIZABILITY_NONLOCALIZED = YES;
				CLANG_ANALYZER_NONNULL = YES;
				CLANG_ANALYZER_NUMBER_OBJECT_CONVERSION = YES_AGGRESSIVE;
				CLANG_CXX_LANGUAGE_STANDARD = "gnu++20";
				CLANG_ENABLE_MODULES = YES;
				CLANG_ENABLE_OBJC_ARC = YES;
				CLANG_ENABLE_OBJC_WEAK = YES;
				CLANG_WARN_BLOCK_CAPTURE_AUTORELEASING = YES;
				CLANG_WARN_BOOL_CONVERSION = YES;
				CLANG_WARN_COMMA = YES;
				CLANG_WARN_CONSTANT_CONVERSION = YES;
				CLANG_WARN_DEPRECATED_OBJC_IMPLEMENTATIONS = YES;
				CLANG_WARN_DIRECT_OBJC_ISA_USAGE = YES_ERROR;
				CLANG_WARN_DOCUMENTATION_COMMENTS = YES;
				CLANG_WARN_EMPTY_BODY = YES;
				CLANG_WARN_ENUM_CONVERSION = YES;
				CLANG_WARN_INFINITE_RECURSION = YES;
				CLANG_WARN_INT_CONVERSION = YES;
				CLANG_WARN_NON_LITERAL_NULL_CONVERSION = YES;
				CLANG_WARN_OBJC_IMPLICIT_RETAIN_SELF = YES;
				CLANG_WARN_OBJC_LITERAL_CONVERSION = YES;
				CLANG_WARN_OBJC_ROOT_CLASS = YES_ERROR;
				CLANG_WARN_QUOTED_INCLUDE_IN_FRAMEWORK_HEADER = YES;
				CLANG_WARN_RANGE_LOOP_ANALYSIS = YES;
				CLANG_WARN_STRICT_PROTOTYPES = YES;
				CLANG_WARN_SUSPICIOUS_MOVE = YES;
				CLANG_WARN_UNGUARDED_AVAILABILITY = YES_AGGRESSIVE;
				CLANG_WARN_UNREACHABLE_CODE = YES;
				CLANG_WARN__DUPLICATE_METHOD_MATCH = YES;
				COPY_PHASE_STRIP = NO;
				DEAD_CODE_STRIPPING = YES;
				DEBUG_INFORMATION_FORMAT = "dwarf-with-dsym";
				ENABLE_NS_ASSERTIONS = NO;
				ENABLE_STRICT_OBJC_MSGSEND = YES;
				ENABLE_USER_SCRIPT_SANDBOXING = YES;
				GCC_C_LANGUAGE_STANDARD = gnu11;
				GCC_NO_COMMON_BLOCKS = YES;
				GCC_WARN_64_TO_32_BIT_CONVERSION = YES;
				GCC_WARN_ABOUT_RETURN_TYPE = YES_ERROR;
				GCC_WARN_UNDECLARED_SELECTOR = YES;
				GCC_WARN_UNINITIALIZED_AUTOS = YES_AGGRESSIVE;
				GCC_WARN_UNUSED_FUNCTION = YES;
				GCC_WARN_UNUSED_VARIABLE = YES;
				IPHONEOS_DEPLOYMENT_TARGET = 15.0;
				MACOSX_DEPLOYMENT_TARGET = 13.0;
				MTL_ENABLE_DEBUG_INFO = NO;
				MTL_FAST_MATH = YES;
				SWIFT_COMPILATION_MODE = wholemodule;
				SWIFT_EMIT_LOC_STRINGS = YES;
				SWIFT_OPTIMIZATION_LEVEL = "-O";
			};
			name = Release;
		};
		07D81D0D2A1994E200DEBBA9 /* Debug */ = {
			isa = XCBuildConfiguration;
			buildSettings = {
				ASSETCATALOG_COMPILER_APPICON_NAME = AppIcon;
				ASSETCATALOG_COMPILER_GLOBAL_ACCENT_COLOR_NAME = AccentColor;
				CODE_SIGN_ENTITLEMENTS = UltimateFeedbackApp/UltimateFeedbackApp.entitlements;
				CODE_SIGN_STYLE = Automatic;
				CURRENT_PROJECT_VERSION = 1;
				DEAD_CODE_STRIPPING = YES;
				DEVELOPMENT_ASSET_PATHS = "\"UltimateFeedbackApp/Preview Content\"";
				DEVELOPMENT_TEAM = 47E3RRLYKE;
				ENABLE_HARDENED_RUNTIME = YES;
				ENABLE_PREVIEWS = YES;
				ENABLE_USER_SCRIPT_SANDBOXING = YES;
				GENERATE_INFOPLIST_FILE = YES;
				INFOPLIST_FILE = UltimateFeedbackApp/Info.plist;
				"INFOPLIST_KEY_UIApplicationSceneManifest_Generation[sdk=iphoneos*]" = YES;
				"INFOPLIST_KEY_UIApplicationSceneManifest_Generation[sdk=iphonesimulator*]" = YES;
				"INFOPLIST_KEY_UIApplicationSupportsIndirectInputEvents[sdk=iphoneos*]" = YES;
				"INFOPLIST_KEY_UIApplicationSupportsIndirectInputEvents[sdk=iphonesimulator*]" = YES;
				"INFOPLIST_KEY_UILaunchScreen_Generation[sdk=iphoneos*]" = YES;
				"INFOPLIST_KEY_UILaunchScreen_Generation[sdk=iphonesimulator*]" = YES;
				"INFOPLIST_KEY_UIStatusBarStyle[sdk=iphoneos*]" = UIStatusBarStyleDefault;
				"INFOPLIST_KEY_UIStatusBarStyle[sdk=iphonesimulator*]" = UIStatusBarStyleDefault;
				INFOPLIST_KEY_UISupportedInterfaceOrientations_iPad = "UIInterfaceOrientationPortrait UIInterfaceOrientationPortraitUpsideDown UIInterfaceOrientationLandscapeLeft UIInterfaceOrientationLandscapeRight";
				INFOPLIST_KEY_UISupportedInterfaceOrientations_iPhone = "UIInterfaceOrientationPortrait UIInterfaceOrientationLandscapeLeft UIInterfaceOrientationLandscapeRight";
				IPHONEOS_DEPLOYMENT_TARGET = 17.6;
				LD_RUNPATH_SEARCH_PATHS = "@executable_path/Frameworks";
				"LD_RUNPATH_SEARCH_PATHS[sdk=macosx*]" = "@executable_path/../Frameworks";
				MACOSX_DEPLOYMENT_TARGET = 13.3;
				MARKETING_VERSION = 1.0;
				PRODUCT_BUNDLE_IDENTIFIER = com.emiyaconsulting.UltimateFeedbackApp;
				PRODUCT_NAME = "$(TARGET_NAME)";
				SDKROOT = auto;
				SUPPORTED_PLATFORMS = "iphoneos iphonesimulator";
				SUPPORTS_MACCATALYST = NO;
				SWIFT_EMIT_LOC_STRINGS = YES;
				SWIFT_VERSION = 5.0;
				TARGETED_DEVICE_FAMILY = "1,2";
			};
			name = Debug;
		};
		07D81D0E2A1994E200DEBBA9 /* Release */ = {
			isa = XCBuildConfiguration;
			buildSettings = {
				ASSETCATALOG_COMPILER_APPICON_NAME = AppIcon;
				ASSETCATALOG_COMPILER_GLOBAL_ACCENT_COLOR_NAME = AccentColor;
				CODE_SIGN_ENTITLEMENTS = UltimateFeedbackApp/UltimateFeedbackApp.entitlements;
				CODE_SIGN_STYLE = Automatic;
				CURRENT_PROJECT_VERSION = 1;
				DEAD_CODE_STRIPPING = YES;
				DEVELOPMENT_ASSET_PATHS = "\"UltimateFeedbackApp/Preview Content\"";
				DEVELOPMENT_TEAM = 47E3RRLYKE;
				ENABLE_HARDENED_RUNTIME = YES;
				ENABLE_PREVIEWS = YES;
				ENABLE_USER_SCRIPT_SANDBOXING = YES;
				GENERATE_INFOPLIST_FILE = YES;
				INFOPLIST_FILE = UltimateFeedbackApp/Info.plist;
				"INFOPLIST_KEY_UIApplicationSceneManifest_Generation[sdk=iphoneos*]" = YES;
				"INFOPLIST_KEY_UIApplicationSceneManifest_Generation[sdk=iphonesimulator*]" = YES;
				"INFOPLIST_KEY_UIApplicationSupportsIndirectInputEvents[sdk=iphoneos*]" = YES;
				"INFOPLIST_KEY_UIApplicationSupportsIndirectInputEvents[sdk=iphonesimulator*]" = YES;
				"INFOPLIST_KEY_UILaunchScreen_Generation[sdk=iphoneos*]" = YES;
				"INFOPLIST_KEY_UILaunchScreen_Generation[sdk=iphonesimulator*]" = YES;
				"INFOPLIST_KEY_UIStatusBarStyle[sdk=iphoneos*]" = UIStatusBarStyleDefault;
				"INFOPLIST_KEY_UIStatusBarStyle[sdk=iphonesimulator*]" = UIStatusBarStyleDefault;
				INFOPLIST_KEY_UISupportedInterfaceOrientations_iPad = "UIInterfaceOrientationPortrait UIInterfaceOrientationPortraitUpsideDown UIInterfaceOrientationLandscapeLeft UIInterfaceOrientationLandscapeRight";
				INFOPLIST_KEY_UISupportedInterfaceOrientations_iPhone = "UIInterfaceOrientationPortrait UIInterfaceOrientationLandscapeLeft UIInterfaceOrientationLandscapeRight";
				IPHONEOS_DEPLOYMENT_TARGET = 17.6;
				LD_RUNPATH_SEARCH_PATHS = "@executable_path/Frameworks";
				"LD_RUNPATH_SEARCH_PATHS[sdk=macosx*]" = "@executable_path/../Frameworks";
				MACOSX_DEPLOYMENT_TARGET = 13.3;
				MARKETING_VERSION = 1.0;
				PRODUCT_BUNDLE_IDENTIFIER = com.emiyaconsulting.UltimateFeedbackApp;
				PRODUCT_NAME = "$(TARGET_NAME)";
				SDKROOT = auto;
				SUPPORTED_PLATFORMS = "iphoneos iphonesimulator";
				SUPPORTS_MACCATALYST = NO;
				SWIFT_EMIT_LOC_STRINGS = YES;
				SWIFT_VERSION = 5.0;
				TARGETED_DEVICE_FAMILY = "1,2";
			};
			name = Release;
		};
		D41E62622D07724E0053AD82 /* Debug */ = {
			isa = XCBuildConfiguration;
			buildSettings = {
				BUNDLE_LOADER = "$(TEST_HOST)";
				CODE_SIGN_STYLE = Automatic;
				CURRENT_PROJECT_VERSION = 1;
				DEVELOPMENT_TEAM = 47E3RRLYKE;
				GCC_C_LANGUAGE_STANDARD = gnu17;
				GENERATE_INFOPLIST_FILE = YES;
				IPHONEOS_DEPLOYMENT_TARGET = 17.6;
				LOCALIZATION_PREFERS_STRING_CATALOGS = YES;
				MARKETING_VERSION = 1.0;
				PRODUCT_BUNDLE_IDENTIFIER = com.emiyaconsulting.UltimateFeedbackAppTests;
				PRODUCT_NAME = "$(TARGET_NAME)";
				SDKROOT = iphoneos;
				SUPPORTED_PLATFORMS = "iphoneos iphonesimulator";
				SUPPORTS_MACCATALYST = NO;
				SUPPORTS_MAC_DESIGNED_FOR_IPHONE_IPAD = NO;
				SUPPORTS_XR_DESIGNED_FOR_IPHONE_IPAD = NO;
				SWIFT_ACTIVE_COMPILATION_CONDITIONS = "DEBUG $(inherited)";
				SWIFT_EMIT_LOC_STRINGS = NO;
				SWIFT_VERSION = 5.0;
				TARGETED_DEVICE_FAMILY = "1,2";
				TEST_HOST = "$(BUILT_PRODUCTS_DIR)/UltimateFeedbackApp.app/$(BUNDLE_EXECUTABLE_FOLDER_PATH)/UltimateFeedbackApp";
			};
			name = Debug;
		};
		D41E62632D07724E0053AD82 /* Release */ = {
			isa = XCBuildConfiguration;
			buildSettings = {
				BUNDLE_LOADER = "$(TEST_HOST)";
				CODE_SIGN_STYLE = Automatic;
				CURRENT_PROJECT_VERSION = 1;
				DEVELOPMENT_TEAM = 47E3RRLYKE;
				GCC_C_LANGUAGE_STANDARD = gnu17;
				GENERATE_INFOPLIST_FILE = YES;
				IPHONEOS_DEPLOYMENT_TARGET = 17.6;
				LOCALIZATION_PREFERS_STRING_CATALOGS = YES;
				MARKETING_VERSION = 1.0;
				PRODUCT_BUNDLE_IDENTIFIER = com.emiyaconsulting.UltimateFeedbackAppTests;
				PRODUCT_NAME = "$(TARGET_NAME)";
				SDKROOT = iphoneos;
				SUPPORTED_PLATFORMS = "iphoneos iphonesimulator";
				SUPPORTS_MACCATALYST = NO;
				SUPPORTS_MAC_DESIGNED_FOR_IPHONE_IPAD = NO;
				SUPPORTS_XR_DESIGNED_FOR_IPHONE_IPAD = NO;
				SWIFT_EMIT_LOC_STRINGS = NO;
				SWIFT_VERSION = 5.0;
				TARGETED_DEVICE_FAMILY = "1,2";
				TEST_HOST = "$(BUILT_PRODUCTS_DIR)/UltimateFeedbackApp.app/$(BUNDLE_EXECUTABLE_FOLDER_PATH)/UltimateFeedbackApp";
				VALIDATE_PRODUCT = YES;
			};
			name = Release;
		};
		D451A8BF2D16526900587DAA /* Debug */ = {
			isa = XCBuildConfiguration;
			buildSettings = {
				BUNDLE_LOADER = "$(TEST_HOST)";
				CODE_SIGN_STYLE = Automatic;
				CURRENT_PROJECT_VERSION = 1;
				DEVELOPMENT_TEAM = 47E3RRLYKE;
				GCC_C_LANGUAGE_STANDARD = gnu17;
				GENERATE_INFOPLIST_FILE = YES;
				IPHONEOS_DEPLOYMENT_TARGET = 17.6;
				LOCALIZATION_PREFERS_STRING_CATALOGS = YES;
				MARKETING_VERSION = 1.0;
				PRODUCT_BUNDLE_IDENTIFIER = com.emiyaconsulting.UltimateFeedbackAppPerformanceTests;
				PRODUCT_NAME = "$(TARGET_NAME)";
				SDKROOT = iphoneos;
				SUPPORTED_PLATFORMS = "iphoneos iphonesimulator";
				SUPPORTS_MACCATALYST = NO;
				SUPPORTS_MAC_DESIGNED_FOR_IPHONE_IPAD = NO;
				SUPPORTS_XR_DESIGNED_FOR_IPHONE_IPAD = NO;
				SWIFT_ACTIVE_COMPILATION_CONDITIONS = "DEBUG $(inherited)";
				SWIFT_EMIT_LOC_STRINGS = NO;
				SWIFT_VERSION = 5.0;
				TARGETED_DEVICE_FAMILY = "1,2";
				TEST_HOST = "$(BUILT_PRODUCTS_DIR)/UltimateFeedbackApp.app/$(BUNDLE_EXECUTABLE_FOLDER_PATH)/UltimateFeedbackApp";
			};
			name = Debug;
		};
		D451A8C02D16526900587DAA /* Release */ = {
			isa = XCBuildConfiguration;
			buildSettings = {
				BUNDLE_LOADER = "$(TEST_HOST)";
				CODE_SIGN_STYLE = Automatic;
				CURRENT_PROJECT_VERSION = 1;
				DEVELOPMENT_TEAM = 47E3RRLYKE;
				GCC_C_LANGUAGE_STANDARD = gnu17;
				GENERATE_INFOPLIST_FILE = YES;
				IPHONEOS_DEPLOYMENT_TARGET = 17.6;
				LOCALIZATION_PREFERS_STRING_CATALOGS = YES;
				MARKETING_VERSION = 1.0;
				PRODUCT_BUNDLE_IDENTIFIER = com.emiyaconsulting.UltimateFeedbackAppPerformanceTests;
				PRODUCT_NAME = "$(TARGET_NAME)";
				SDKROOT = iphoneos;
				SUPPORTED_PLATFORMS = "iphoneos iphonesimulator";
				SUPPORTS_MACCATALYST = NO;
				SUPPORTS_MAC_DESIGNED_FOR_IPHONE_IPAD = NO;
				SUPPORTS_XR_DESIGNED_FOR_IPHONE_IPAD = NO;
				SWIFT_EMIT_LOC_STRINGS = NO;
				SWIFT_VERSION = 5.0;
				TARGETED_DEVICE_FAMILY = "1,2";
				TEST_HOST = "$(BUILT_PRODUCTS_DIR)/UltimateFeedbackApp.app/$(BUNDLE_EXECUTABLE_FOLDER_PATH)/UltimateFeedbackApp";
				VALIDATE_PRODUCT = YES;
			};
			name = Release;
		};
		D483F67B2D1DFB8600212AED /* Debug */ = {
			isa = XCBuildConfiguration;
			buildSettings = {
				CODE_SIGN_STYLE = Automatic;
				CURRENT_PROJECT_VERSION = 1;
				DEVELOPMENT_TEAM = 47E3RRLYKE;
				GCC_C_LANGUAGE_STANDARD = gnu17;
				GENERATE_INFOPLIST_FILE = YES;
				IPHONEOS_DEPLOYMENT_TARGET = 17.6;
				LOCALIZATION_PREFERS_STRING_CATALOGS = YES;
				MARKETING_VERSION = 1.0;
				PRODUCT_BUNDLE_IDENTIFIER = com.emiyaconsulting.UltimateFeedbackAppUITests;
				PRODUCT_NAME = "$(TARGET_NAME)";
				SDKROOT = iphoneos;
				SUPPORTED_PLATFORMS = "iphoneos iphonesimulator";
				SUPPORTS_MACCATALYST = NO;
				SUPPORTS_MAC_DESIGNED_FOR_IPHONE_IPAD = NO;
				SUPPORTS_XR_DESIGNED_FOR_IPHONE_IPAD = NO;
				SWIFT_ACTIVE_COMPILATION_CONDITIONS = "DEBUG $(inherited)";
				SWIFT_EMIT_LOC_STRINGS = NO;
				SWIFT_VERSION = 5.0;
				TARGETED_DEVICE_FAMILY = "1,2";
				TEST_TARGET_NAME = UltimateFeedbackApp;
			};
			name = Debug;
		};
		D483F67C2D1DFB8600212AED /* Release */ = {
			isa = XCBuildConfiguration;
			buildSettings = {
				CODE_SIGN_STYLE = Automatic;
				CURRENT_PROJECT_VERSION = 1;
				DEVELOPMENT_TEAM = 47E3RRLYKE;
				GCC_C_LANGUAGE_STANDARD = gnu17;
				GENERATE_INFOPLIST_FILE = YES;
				IPHONEOS_DEPLOYMENT_TARGET = 17.6;
				LOCALIZATION_PREFERS_STRING_CATALOGS = YES;
				MARKETING_VERSION = 1.0;
				PRODUCT_BUNDLE_IDENTIFIER = com.emiyaconsulting.UltimateFeedbackAppUITests;
				PRODUCT_NAME = "$(TARGET_NAME)";
				SDKROOT = iphoneos;
				SUPPORTED_PLATFORMS = "iphoneos iphonesimulator";
				SUPPORTS_MACCATALYST = NO;
				SUPPORTS_MAC_DESIGNED_FOR_IPHONE_IPAD = NO;
				SUPPORTS_XR_DESIGNED_FOR_IPHONE_IPAD = NO;
				SWIFT_EMIT_LOC_STRINGS = NO;
				SWIFT_VERSION = 5.0;
				TARGETED_DEVICE_FAMILY = "1,2";
				TEST_TARGET_NAME = UltimateFeedbackApp;
				VALIDATE_PRODUCT = YES;
			};
			name = Release;
		};
/* End XCBuildConfiguration section */

/* Begin XCConfigurationList section */
		07D81CF82A1994E100DEBBA9 /* Build configuration list for PBXProject "UltimateFeedbackApp" */ = {
			isa = XCConfigurationList;
			buildConfigurations = (
				07D81D0A2A1994E200DEBBA9 /* Debug */,
				07D81D0B2A1994E200DEBBA9 /* Release */,
			);
			defaultConfigurationIsVisible = 0;
			defaultConfigurationName = Release;
		};
		07D81D0C2A1994E200DEBBA9 /* Build configuration list for PBXNativeTarget "UltimateFeedbackApp" */ = {
			isa = XCConfigurationList;
			buildConfigurations = (
				07D81D0D2A1994E200DEBBA9 /* Debug */,
				07D81D0E2A1994E200DEBBA9 /* Release */,
			);
			defaultConfigurationIsVisible = 0;
			defaultConfigurationName = Release;
		};
		D41E62642D07724E0053AD82 /* Build configuration list for PBXNativeTarget "UltimateFeedbackAppTests" */ = {
			isa = XCConfigurationList;
			buildConfigurations = (
				D41E62622D07724E0053AD82 /* Debug */,
				D41E62632D07724E0053AD82 /* Release */,
			);
			defaultConfigurationIsVisible = 0;
			defaultConfigurationName = Release;
		};
		D451A8C12D16526900587DAA /* Build configuration list for PBXNativeTarget "UltimateFeedbackAppPerformanceTests" */ = {
			isa = XCConfigurationList;
			buildConfigurations = (
				D451A8BF2D16526900587DAA /* Debug */,
				D451A8C02D16526900587DAA /* Release */,
			);
			defaultConfigurationIsVisible = 0;
			defaultConfigurationName = Release;
		};
		D483F67D2D1DFB8600212AED /* Build configuration list for PBXNativeTarget "UltimateFeedbackAppUITests" */ = {
			isa = XCConfigurationList;
			buildConfigurations = (
				D483F67B2D1DFB8600212AED /* Debug */,
				D483F67C2D1DFB8600212AED /* Release */,
			);
			defaultConfigurationIsVisible = 0;
			defaultConfigurationName = Release;
		};
/* End XCConfigurationList section */

/* Begin XCVersionGroup section */
		07D81D102A19975100DEBBA9 /* Main.xcdatamodeld */ = {
			isa = XCVersionGroup;
			children = (
				07D81D112A19975100DEBBA9 /* Main.xcdatamodel */,
			);
			currentVersion = 07D81D112A19975100DEBBA9 /* Main.xcdatamodel */;
			path = Main.xcdatamodeld;
			sourceTree = "<group>";
			versionGroupType = wrapper.xcdatamodel;
		};
/* End XCVersionGroup section */
	};
	rootObject = 07D81CF52A1994E100DEBBA9 /* Project object */;
}
